
Microsoft Visual Studio Solution File, Format Version 12.00
# Visual Studio Version 16
VisualStudioVersion = 16.0.31321.278
MinimumVisualStudioVersion = 10.0.40219.1
Project("{FAE04EC0-301F-11D3-BF4B-00C04F79EFBC}") = "HelloWorld", "HelloWorld\HelloWorld.csproj", "{4E28BBD6-58F2-44D1-BABE-D00F57975162}"
EndProject
Global
	GlobalSection(SolutionConfigurationPlatforms) = preSolution
		Debug|Any CPU = Debug|Any CPU
		Release|Any CPU = Release|Any CPU
	EndGlobalSection
	GlobalSection(ProjectConfigurationPlatforms) = postSolution
		{4E28BBD6-58F2-44D1-BABE-D00F57975162}.Debug|Any CPU.ActiveCfg = Debug|Any CPU
		{4E28BBD6-58F2-44D1-BABE-D00F57975162}.Debug|Any CPU.Build.0 = Debug|Any CPU
		{4E28BBD6-58F2-44D1-BABE-D00F57975162}.Release|Any CPU.ActiveCfg = Release|Any CPU
		{4E28BBD6-58F2-44D1-BABE-D00F57975162}.Release|Any CPU.Build.0 = Release|Any CPU
	EndGlobalSection
	GlobalSection(SolutionProperties) = preSolution
		HideSolutionNode = FALSE
	EndGlobalSection
	GlobalSection(ExtensibilityGlobals) = postSolution
		SolutionGuid = {DE47A114-4D60-406C-8AB9-99042082F2CE}
	EndGlobalSection
EndGlobal
