
Microsoft Visual Studio Solution File, Format Version 12.00
# Visual Studio Version 16
VisualStudioVersion = 16.0.31321.278
MinimumVisualStudioVersion = 10.0.40219.1
Project("{FAE04EC0-301F-11D3-BF4B-00C04F79EFBC}") = "VoetbalClubKassa", "VoetbalClubKassa\VoetbalClubKassa.csproj", "{D1D132FA-5A45-42D7-93F9-7D6A1946D109}"
EndProject
Global
	GlobalSection(SolutionConfigurationPlatforms) = preSolution
		Debug|Any CPU = Debug|Any CPU
		Release|Any CPU = Release|Any CPU
	EndGlobalSection
	GlobalSection(ProjectConfigurationPlatforms) = postSolution
		{D1D132FA-5A45-42D7-93F9-7D6A1946D109}.Debug|Any CPU.ActiveCfg = Debug|Any CPU
		{D1D132FA-5A45-42D7-93F9-7D6A1946D109}.Debug|Any CPU.Build.0 = Debug|Any CPU
		{D1D132FA-5A45-42D7-93F9-7D6A1946D109}.Release|Any CPU.ActiveCfg = Release|Any CPU
		{D1D132FA-5A45-42D7-93F9-7D6A1946D109}.Release|Any CPU.Build.0 = Release|Any CPU
	EndGlobalSection
	GlobalSection(SolutionProperties) = preSolution
		HideSolutionNode = FALSE
	EndGlobalSection
	GlobalSection(ExtensibilityGlobals) = postSolution
		SolutionGuid = {CD314425-424C-4EEB-8E5D-5981D18EB3B7}
	EndGlobalSection
EndGlobal
